
Microsoft Visual Studio Solution File, Format Version 12.00
# Visual Studio 15
Project("{FAE04EC0-301F-11D3-BF4B-00C04F79EFBC}") = "Assembly-CSharp", "Assembly-CSharp.csproj", "{162CAF3E-3489-BD3E-7BE7-1D8980237A93}"
EndProject
Project("{FAE04EC0-301F-11D3-BF4B-00C04F79EFBC}") = "Assembly-CSharp-Editor", "Assembly-CSharp-Editor.csproj", "{34E35E6F-25E4-70D9-D00B-12681A865656}"
EndProject
Global
	GlobalSection(SolutionConfigurationPlatforms) = preSolution
		Debug|Any CPU = Debug|Any CPU
		Release|Any CPU = Release|Any CPU
	EndGlobalSection
	GlobalSection(ProjectConfigurationPlatforms) = postSolution
		{162CAF3E-3489-BD3E-7BE7-1D8980237A93}.Debug|Any CPU.ActiveCfg = Debug|Any CPU
		{162CAF3E-3489-BD3E-7BE7-1D8980237A93}.Debug|Any CPU.Build.0 = Debug|Any CPU
		{162CAF3E-3489-BD3E-7BE7-1D8980237A93}.Release|Any CPU.ActiveCfg = Release|Any CPU
		{162CAF3E-3489-BD3E-7BE7-1D8980237A93}.Release|Any CPU.Build.0 = Release|Any CPU
		{34E35E6F-25E4-70D9-D00B-12681A865656}.Debug|Any CPU.ActiveCfg = Debug|Any CPU
		{34E35E6F-25E4-70D9-D00B-12681A865656}.Debug|Any CPU.Build.0 = Debug|Any CPU
		{34E35E6F-25E4-70D9-D00B-12681A865656}.Release|Any CPU.ActiveCfg = Release|Any CPU
		{34E35E6F-25E4-70D9-D00B-12681A865656}.Release|Any CPU.Build.0 = Release|Any CPU
	EndGlobalSection
	GlobalSection(SolutionProperties) = preSolution
		HideSolutionNode = FALSE
	EndGlobalSection
EndGlobal
