
Microsoft Visual Studio Solution File, Format Version 12.00
# Visual Studio 15
Project("{FAE04EC0-301F-11D3-BF4B-00C04F79EFBC}") = "Assembly-CSharp", "Assembly-CSharp.csproj", "{423F7DA7-1B63-CCA0-3D74-159A8444AE5F}"
EndProject
Project("{FAE04EC0-301F-11D3-BF4B-00C04F79EFBC}") = "Assembly-CSharp-Editor", "Assembly-CSharp-Editor.csproj", "{4DC42C5D-AA5D-923A-27D9-4B5BD4433D9B}"
EndProject
Global
	GlobalSection(SolutionConfigurationPlatforms) = preSolution
		Debug|Any CPU = Debug|Any CPU
		Release|Any CPU = Release|Any CPU
	EndGlobalSection
	GlobalSection(ProjectConfigurationPlatforms) = postSolution
		{423F7DA7-1B63-CCA0-3D74-159A8444AE5F}.Debug|Any CPU.ActiveCfg = Debug|Any CPU
		{423F7DA7-1B63-CCA0-3D74-159A8444AE5F}.Debug|Any CPU.Build.0 = Debug|Any CPU
		{423F7DA7-1B63-CCA0-3D74-159A8444AE5F}.Release|Any CPU.ActiveCfg = Release|Any CPU
		{423F7DA7-1B63-CCA0-3D74-159A8444AE5F}.Release|Any CPU.Build.0 = Release|Any CPU
		{4DC42C5D-AA5D-923A-27D9-4B5BD4433D9B}.Debug|Any CPU.ActiveCfg = Debug|Any CPU
		{4DC42C5D-AA5D-923A-27D9-4B5BD4433D9B}.Debug|Any CPU.Build.0 = Debug|Any CPU
		{4DC42C5D-AA5D-923A-27D9-4B5BD4433D9B}.Release|Any CPU.ActiveCfg = Release|Any CPU
		{4DC42C5D-AA5D-923A-27D9-4B5BD4433D9B}.Release|Any CPU.Build.0 = Release|Any CPU
	EndGlobalSection
	GlobalSection(SolutionProperties) = preSolution
		HideSolutionNode = FALSE
	EndGlobalSection
EndGlobal
